
Microsoft Visual Studio Solution File, Format Version 12.00
# Visual Studio 14
VisualStudioVersion = 14.0.25420.1
MinimumVisualStudioVersion = 10.0.40219.1
Project("{FAE04EC0-301F-11D3-BF4B-00C04F79EFBC}") = "ButtonInput", "ButtonInput\ButtonInput.csproj", "{BBB2C822-99D8-49F4-9DA6-7CA6058E27F3}"
EndProject
Global
	GlobalSection(SolutionConfigurationPlatforms) = preSolution
		Ad-Hoc|iPhone = Ad-Hoc|iPhone
		Ad-Hoc|iPhoneSimulator = Ad-Hoc|iPhoneSimulator
		AppStore|iPhone = AppStore|iPhone
		AppStore|iPhoneSimulator = AppStore|iPhoneSimulator
		Debug|iPhone = Debug|iPhone
		Debug|iPhoneSimulator = Debug|iPhoneSimulator
		Release|iPhone = Release|iPhone
		Release|iPhoneSimulator = Release|iPhoneSimulator
	EndGlobalSection
	GlobalSection(ProjectConfigurationPlatforms) = postSolution
		{BBB2C822-99D8-49F4-9DA6-7CA6058E27F3}.Ad-Hoc|iPhone.ActiveCfg = Ad-Hoc|iPhone
		{BBB2C822-99D8-49F4-9DA6-7CA6058E27F3}.Ad-Hoc|iPhone.Build.0 = Ad-Hoc|iPhone
		{BBB2C822-99D8-49F4-9DA6-7CA6058E27F3}.Ad-Hoc|iPhoneSimulator.ActiveCfg = Ad-Hoc|iPhoneSimulator
		{BBB2C822-99D8-49F4-9DA6-7CA6058E27F3}.Ad-Hoc|iPhoneSimulator.Build.0 = Ad-Hoc|iPhoneSimulator
		{BBB2C822-99D8-49F4-9DA6-7CA6058E27F3}.AppStore|iPhone.ActiveCfg = AppStore|iPhone
		{BBB2C822-99D8-49F4-9DA6-7CA6058E27F3}.AppStore|iPhone.Build.0 = AppStore|iPhone
		{BBB2C822-99D8-49F4-9DA6-7CA6058E27F3}.AppStore|iPhoneSimulator.ActiveCfg = AppStore|iPhoneSimulator
		{BBB2C822-99D8-49F4-9DA6-7CA6058E27F3}.AppStore|iPhoneSimulator.Build.0 = AppStore|iPhoneSimulator
		{BBB2C822-99D8-49F4-9DA6-7CA6058E27F3}.Debug|iPhone.ActiveCfg = Debug|iPhone
		{BBB2C822-99D8-49F4-9DA6-7CA6058E27F3}.Debug|iPhone.Build.0 = Debug|iPhone
		{BBB2C822-99D8-49F4-9DA6-7CA6058E27F3}.Debug|iPhoneSimulator.ActiveCfg = Debug|iPhoneSimulator
		{BBB2C822-99D8-49F4-9DA6-7CA6058E27F3}.Debug|iPhoneSimulator.Build.0 = Debug|iPhoneSimulator
		{BBB2C822-99D8-49F4-9DA6-7CA6058E27F3}.Release|iPhone.ActiveCfg = Release|iPhone
		{BBB2C822-99D8-49F4-9DA6-7CA6058E27F3}.Release|iPhone.Build.0 = Release|iPhone
		{BBB2C822-99D8-49F4-9DA6-7CA6058E27F3}.Release|iPhoneSimulator.ActiveCfg = Release|iPhoneSimulator
		{BBB2C822-99D8-49F4-9DA6-7CA6058E27F3}.Release|iPhoneSimulator.Build.0 = Release|iPhoneSimulator
	EndGlobalSection
	GlobalSection(SolutionProperties) = preSolution
		HideSolutionNode = FALSE
	EndGlobalSection
EndGlobal
